
Microsoft Visual Studio Solution File, Format Version 12.00
# Visual Studio Version 17
VisualStudioVersion = 17.7.34221.43
MinimumVisualStudioVersion = 10.0.40219.1
Project("{FAE04EC0-301F-11D3-BF4B-00C04F79EFBC}") = "WFADolgozat", "WFADolgozat\WFADolgozat.csproj", "{46CE748A-5382-446B-95B8-08CA61B2EDEB}"
EndProject
Global
	GlobalSection(SolutionConfigurationPlatforms) = preSolution
		Debug|Any CPU = Debug|Any CPU
		Release|Any CPU = Release|Any CPU
	EndGlobalSection
	GlobalSection(ProjectConfigurationPlatforms) = postSolution
		{46CE748A-5382-446B-95B8-08CA61B2EDEB}.Debug|Any CPU.ActiveCfg = Debug|Any CPU
		{46CE748A-5382-446B-95B8-08CA61B2EDEB}.Debug|Any CPU.Build.0 = Debug|Any CPU
		{46CE748A-5382-446B-95B8-08CA61B2EDEB}.Release|Any CPU.ActiveCfg = Release|Any CPU
		{46CE748A-5382-446B-95B8-08CA61B2EDEB}.Release|Any CPU.Build.0 = Release|Any CPU
	EndGlobalSection
	GlobalSection(SolutionProperties) = preSolution
		HideSolutionNode = FALSE
	EndGlobalSection
	GlobalSection(ExtensibilityGlobals) = postSolution
		SolutionGuid = {592D56CC-3938-4F29-8AC3-5A806A84E6F9}
	EndGlobalSection
EndGlobal
